
Microsoft Visual Studio Solution File, Format Version 12.00
# Visual Studio Version 16
VisualStudioVersion = 16.0.28729.10
MinimumVisualStudioVersion = 10.0.40219.1
Project("{8BC9CEB8-8B4A-11D0-8D11-00A0C91BC942}") = "Unit 01", "Unit 01\Unit 01.vcxproj", "{000076BC-85FA-49C9-8C64-BB8DD5BE9196}"
EndProject
Project("{8BC9CEB8-8B4A-11D0-8D11-00A0C91BC942}") = "Unit 02", "Unit 02\Unit 02.vcxproj", "{FF2857BF-2E62-4353-BDAC-DF1CE55F32FA}"
EndProject
Project("{2150E333-8FDC-42A3-9474-1A3956D46DE8}") = "Unit 04", "Unit 04", "{C677B1FF-56BD-4B5A-944B-11612F062946}"
EndProject
Project("{8BC9CEB8-8B4A-11D0-8D11-00A0C91BC942}") = "类型转换", "Unit 03\Unit 03\Unit 03.vcxproj", "{77264CA3-7D9A-4054-A0F6-0BE9814E99A7}"
EndProject
Project("{2150E333-8FDC-42A3-9474-1A3956D46DE8}") = "Unit 01", "Unit 01", "{EC3A08F6-40F0-4C81-8A04-10BA704C7B68}"
EndProject
Project("{2150E333-8FDC-42A3-9474-1A3956D46DE8}") = "Unit 02", "Unit 02", "{1889E9FD-E7A3-4EB6-9486-BDDA72CA9CA3}"
EndProject
Project("{2150E333-8FDC-42A3-9474-1A3956D46DE8}") = "Unit 03", "Unit 03", "{937BDC95-7408-43BD-B376-F52B38A82836}"
EndProject
Project("{8BC9CEB8-8B4A-11D0-8D11-00A0C91BC942}") = "Datatype", "Unit 03\Datatype\Datatype.vcxproj", "{FDB2EDEC-16DC-4853-8014-F7F7AB69755A}"
EndProject
Project("{8BC9CEB8-8B4A-11D0-8D11-00A0C91BC942}") = "TestAuto", "Unit 03\TestAuto\TestAuto.vcxproj", "{F5531E82-4BEA-418B-A96D-3B33257EFE0B}"
EndProject
Project("{8BC9CEB8-8B4A-11D0-8D11-00A0C91BC942}") = "TestConstant", "Unit 03\TestConstant\TestConstant.vcxproj", "{CDFB00F7-4BAC-4713-A4B1-5C78076391F3}"
EndProject
Project("{8BC9CEB8-8B4A-11D0-8D11-00A0C91BC942}") = "Circle", "Unit 04\Class\Class.vcxproj", "{77F98789-A179-4EDE-87FE-4704041F459B}"
EndProject
Project("{8BC9CEB8-8B4A-11D0-8D11-00A0C91BC942}") = "TestObjectCopy", "Unit 04\TestObjectCopy\TestObjectCopy.vcxproj", "{44213C1A-4743-4ED2-A53D-4BD45EDED194}"
EndProject
Project("{8BC9CEB8-8B4A-11D0-8D11-00A0C91BC942}") = "bank", "Unit 04\bank\bank.vcxproj", "{AD4174C0-5175-4FC7-8BBB-FC73E7304FDF}"
EndProject
Project("{8BC9CEB8-8B4A-11D0-8D11-00A0C91BC942}") = "Declare_Function Separate", "Unit 04\Declare_Function Separate\Declare_Function Separate.vcxproj", "{2BD29FA1-7D81-44C1-B965-5F075EDA3573}"
EndProject
Project("{8BC9CEB8-8B4A-11D0-8D11-00A0C91BC942}") = "TestObjectPointer", "Unit 04\TestObjectPointer\TestObjectPointer.vcxproj", "{FA76903C-1391-42EC-AA15-D1D4B24C0654}"
EndProject
Project("{8BC9CEB8-8B4A-11D0-8D11-00A0C91BC942}") = "Array of Objects", "Unit 04\Array of Objects\Array of Objects.vcxproj", "{85E316C9-3159-42F5-8442-FE5742ECF56F}"
EndProject
Project("{8BC9CEB8-8B4A-11D0-8D11-00A0C91BC942}") = "ObjectAsArgument", "Unit 04\ObjectAsArgument\ObjectAsArgument.vcxproj", "{D477C0A0-B3AB-4896-B159-C4C355813565}"
EndProject
Project("{8BC9CEB8-8B4A-11D0-8D11-00A0C91BC942}") = "ObjectAsReturnValue", "Unit 04\ObjectAsReturnValue\ObjectAsReturnValue.vcxproj", "{5DE4F47E-A5AC-481C-967C-FD89D1928B51}"
EndProject
Project("{8BC9CEB8-8B4A-11D0-8D11-00A0C91BC942}") = "Unit04homework1", "Unit 04\homework\homework.vcxproj", "{72E811EE-82D2-43F0-9A20-CE5B518DE201}"
EndProject
Project("{8BC9CEB8-8B4A-11D0-8D11-00A0C91BC942}") = "Unit04homework2", "Unit 04\Unit04homework2\Unit04homework2.vcxproj", "{CA42FA31-9D39-41CE-8E5D-49FC4BEA1B94}"
EndProject
Project("{2150E333-8FDC-42A3-9474-1A3956D46DE8}") = "Unit 05", "Unit 05", "{C63122F6-527E-47AA-B599-9202713BAE5E}"
EndProject
Project("{8BC9CEB8-8B4A-11D0-8D11-00A0C91BC942}") = "Inclass", "Unit 05\Inclass\Inclass.vcxproj", "{F56C59EA-C9E1-4563-9A42-214098F60380}"
EndProject
Project("{8BC9CEB8-8B4A-11D0-8D11-00A0C91BC942}") = "Inclass2", "Unit 05\Inclass2\Inclass2.vcxproj", "{81B6C78D-7BAC-4262-BDC8-AB6BFF3A33EA}"
EndProject
Project("{8BC9CEB8-8B4A-11D0-8D11-00A0C91BC942}") = "Unit05homework", "Unit 05\Unit05homework\Unit05homework.vcxproj", "{D49DF7AA-9B42-4376-BA3F-DD4D25C3FAB3}"
EndProject
Project("{8BC9CEB8-8B4A-11D0-8D11-00A0C91BC942}") = "Homework", "Unit 05\Homework\Homework.vcxproj", "{4F567E90-42AA-4E71-ACC1-00B8D7821FB8}"
EndProject
Project("{8BC9CEB8-8B4A-11D0-8D11-00A0C91BC942}") = "DefaultConstrustor", "Unit 04\DefaultConstrustor\DefaultConstrustor.vcxproj", "{72388514-2C45-4CEC-96BD-DDFE61A54D69}"
EndProject
Project("{8BC9CEB8-8B4A-11D0-8D11-00A0C91BC942}") = "MoocHomework", "Unit 03\MoocHomework\MoocHomework.vcxproj", "{9F28569A-34C1-41E2-91F1-3DB155591516}"
EndProject
Project("{8BC9CEB8-8B4A-11D0-8D11-00A0C91BC942}") = "TestString", "Unit 04\Teststring\Teststring.vcxproj", "{D9CDFD83-3464-4341-A572-D9264A38B115}"
EndProject
Project("{8BC9CEB8-8B4A-11D0-8D11-00A0C91BC942}") = "TestArray", "Unit 04\TestArray\TestArray.vcxproj", "{8BE2D6A5-00BD-4642-AEE7-F95BE8CE7DA2}"
EndProject
Project("{8BC9CEB8-8B4A-11D0-8D11-00A0C91BC942}") = "TsetConstexpr", "Unit 05\TsetConstexpr\TsetConstexpr.vcxproj", "{98D260FD-1428-4AE7-9596-742E15F6E8B7}"
EndProject
Project("{8BC9CEB8-8B4A-11D0-8D11-00A0C91BC942}") = "ImmutableObject", "Unit 05\ImmutableObject\ImmutableObject.vcxproj", "{ABDF500A-C138-46A1-924B-96E72FA59D49}"
EndProject
Project("{8BC9CEB8-8B4A-11D0-8D11-00A0C91BC942}") = "StaticMembers", "Unit 05\StaticMembers\StaticMembers.vcxproj", "{DAD9BB57-51F4-4121-896F-1C2A43FD4B60}"
EndProject
Project("{8BC9CEB8-8B4A-11D0-8D11-00A0C91BC942}") = "Destructor", "Unit 05\Destructor\Test.vcxproj", "{C328857B-D86C-43A5-A05D-7AB28E2B5DEA}"
EndProject
Project("{8BC9CEB8-8B4A-11D0-8D11-00A0C91BC942}") = "CopyCtor", "Unit 05\CopyCtor\CopyCtor.vcxproj", "{B3DB90DC-B451-41B0-8891-A36C83B6A77D}"
EndProject
Project("{8BC9CEB8-8B4A-11D0-8D11-00A0C91BC942}") = "DeepCopy", "Unit 05\DeepCopy\DeepCopy.vcxproj", "{E2A561BB-1DF1-4F32-9566-46803105E030}"
EndProject
Project("{8BC9CEB8-8B4A-11D0-8D11-00A0C91BC942}") = "TestVector", "Unit 05\TestVector\TestVector.vcxproj", "{EBAAFAA4-B79B-4389-B739-7BC6A3BC7110}"
EndProject
Project("{8BC9CEB8-8B4A-11D0-8D11-00A0C91BC942}") = "TestStackOFIntegers", "Unit 05\TestStackOFIntegers\TestStackOFIntegers.vcxproj", "{247BC980-4517-4D3E-8173-2FBB53853E50}"
EndProject
Project("{8BC9CEB8-8B4A-11D0-8D11-00A0C91BC942}") = "StructBinding", "Unit 05\StructBinding\StructBinding.vcxproj", "{5BF50EC8-9B96-4AAC-92C9-872C927063C6}"
EndProject
Project("{2150E333-8FDC-42A3-9474-1A3956D46DE8}") = "Unit 06", "Unit 06", "{5FCE666B-CB6F-4DE5-8EE2-C364BCC0604F}"
EndProject
Project("{8BC9CEB8-8B4A-11D0-8D11-00A0C91BC942}") = "Inheritance", "Unit 06\Inheritance\Inheritance.vcxproj", "{A89EBE7D-6EBB-4A08-B24A-7B57EC575B21}"
EndProject
Project("{8BC9CEB8-8B4A-11D0-8D11-00A0C91BC942}") = "BaseClassCtor", "Unit 06\BaseClassCtor\BaseClassCtor.vcxproj", "{30BC1128-7BD2-4190-996B-4F200206296B}"
EndProject
Project("{8BC9CEB8-8B4A-11D0-8D11-00A0C91BC942}") = "DefaultBaseClassCtor", "Unit 06\DefaultBaseClassCtor\DefaultBaseClassCtor.vcxproj", "{6EBD38B0-FA88-46AA-8998-6A29802BD819}"
EndProject
Project("{8BC9CEB8-8B4A-11D0-8D11-00A0C91BC942}") = "Unit01Homework", "Unit 01\Unit01Homework\Unit01Homework.vcxproj", "{DDBB4717-CBC9-4D94-8908-B8084C2A5344}"
EndProject
Project("{8BC9CEB8-8B4A-11D0-8D11-00A0C91BC942}") = "Unit06MoocHomework", "Unit 06\Unit06MoocHomework\Unit06MoocHomework.vcxproj", "{E0EB9AFF-8BE0-4E6C-A530-402E83AB5D95}"
EndProject
Project("{8BC9CEB8-8B4A-11D0-8D11-00A0C91BC942}") = "Unit05MoocHomework", "Unit 05\Unit05MoocHomework\Unit05MoocHomework.vcxproj", "{C179EF42-9B6D-4B57-8A19-305462B4F73D}"
EndProject
Project("{8BC9CEB8-8B4A-11D0-8D11-00A0C91BC942}") = "RedefineFunction", "Unit 06\RedefineFunction\RedefineFunction.vcxproj", "{1BB5DF4A-ECF7-4622-AC29-FE5CA323693A}"
EndProject
Project("{8BC9CEB8-8B4A-11D0-8D11-00A0C91BC942}") = "Polymorphism", "Unit 06\Polymorphism\Polymorphism.vcxproj", "{9EA4DF67-2652-4DBA-B1FB-24DE14A8DB51}"
EndProject
Project("{8BC9CEB8-8B4A-11D0-8D11-00A0C91BC942}") = "Unit06Homework", "Unit 06\Unit06Homework\Unit06Homework.vcxproj", "{E9A1EBB6-5F15-4AB2-BE3F-DE870A247A3C}"
EndProject
Project("{8BC9CEB8-8B4A-11D0-8D11-00A0C91BC942}") = "Chatgpt", "Unit 06\Chatgpt\Chatgpt.vcxproj", "{013B90C8-8394-4CBC-8425-F961D290A6E2}"
EndProject
Project("{8BC9CEB8-8B4A-11D0-8D11-00A0C91BC942}") = "Accessibility", "Unit 06\Accessibility\Accessibility.vcxproj", "{F1DA0B9B-9A7F-4810-9F49-4FC2A877C768}"
EndProject
Project("{8BC9CEB8-8B4A-11D0-8D11-00A0C91BC942}") = "AbstractClass", "Unit 06\AbstractClass\AbstractClass.vcxproj", "{AD20D769-7866-4E4B-ABBD-D817E0133679}"
EndProject
Project("{8BC9CEB8-8B4A-11D0-8D11-00A0C91BC942}") = "Unit06MoocHomework2", "Unit 06\Unit06MoocHomework2\Unit06MoocHomework2.vcxproj", "{D91B8852-07A6-414E-96FD-E66812B0C01A}"
EndProject
Project("{2150E333-8FDC-42A3-9474-1A3956D46DE8}") = "LAb", "LAb", "{F5925521-8E8C-4247-AF6B-99F24FC60C71}"
EndProject
Project("{8BC9CEB8-8B4A-11D0-8D11-00A0C91BC942}") = "Lab1", "Lab\Lab\Lab.vcxproj", "{941BB182-01D6-46EC-B94C-C6CE29B9365D}"
EndProject
Project("{8BC9CEB8-8B4A-11D0-8D11-00A0C91BC942}") = "Draft", "Unit 01\Draft\Draft.vcxproj", "{38A50D99-5BAB-42BA-8568-7882BD38CB5F}"
EndProject
Project("{8BC9CEB8-8B4A-11D0-8D11-00A0C91BC942}") = "Lab2", "Lab\Lab2\Lab2.vcxproj", "{332738BE-B495-44DF-8B06-17891305136C}"
EndProject
Project("{2150E333-8FDC-42A3-9474-1A3956D46DE8}") = "Unit 07", "Unit 07", "{0FC5D365-99B2-41D6-8A14-D10CA6A1829E}"
EndProject
Project("{8BC9CEB8-8B4A-11D0-8D11-00A0C91BC942}") = "Path", "Unit 07\Path\Path.vcxproj", "{C071292C-FBB1-416D-B8EC-622C40378B2E}"
EndProject
Project("{8BC9CEB8-8B4A-11D0-8D11-00A0C91BC942}") = "CheckPath", "Unit 07\CheckPath\CheckPath.vcxproj", "{4D4B9D8A-8AF0-49A5-AE37-A73079FDEC87}"
EndProject
Project("{8BC9CEB8-8B4A-11D0-8D11-00A0C91BC942}") = "PathQuery", "PathQuery\PathQuery.vcxproj", "{82E4451F-D140-4146-991D-070B2E2CDCB5}"
EndProject
Project("{8BC9CEB8-8B4A-11D0-8D11-00A0C91BC942}") = "PathOperators", "PathOperators\PathOperators.vcxproj", "{330B1993-DBEF-4F38-BEB0-5F4828C125EE}"
EndProject
Project("{8BC9CEB8-8B4A-11D0-8D11-00A0C91BC942}") = "PathSpace", "PathSpace\PathSpace.vcxproj", "{32C9C050-9201-4AFB-A50F-6C80B3BE05D0}"
EndProject
Project("{8BC9CEB8-8B4A-11D0-8D11-00A0C91BC942}") = "BufferdIO", "BufferdIO\BufferdIO.vcxproj", "{AF757D7B-0668-411C-9396-40CE08176CA3}"
EndProject
Project("{8BC9CEB8-8B4A-11D0-8D11-00A0C91BC942}") = "FileOutput", "FileOutput\FileOutput.vcxproj", "{5CAE9605-BFAE-43F2-AC83-CD73AF3ADB5B}"
EndProject
Project("{8BC9CEB8-8B4A-11D0-8D11-00A0C91BC942}") = "FileInput", "FileInput\FileInput.vcxproj", "{98DCDA04-57CB-4007-8739-C5D5D0288E07}"
EndProject
Project("{8BC9CEB8-8B4A-11D0-8D11-00A0C91BC942}") = "FormalOutput", "FormalOutput\FormalOutput.vcxproj", "{84483CBE-07ED-45B0-95CC-C3F5AC3AAA25}"
EndProject
Project("{8BC9CEB8-8B4A-11D0-8D11-00A0C91BC942}") = "GetlineDemo", "GetlineDemo\GetlineDemo.vcxproj", "{F4BCC756-122B-417D-95DA-C57EFAD6B8D8}"
EndProject
Project("{8BC9CEB8-8B4A-11D0-8D11-00A0C91BC942}") = "FileOpenMode", "FileOpenMode\FileOpenMode.vcxproj", "{B7835044-E15C-49DF-82E6-7AF079315059}"
EndProject
Project("{8BC9CEB8-8B4A-11D0-8D11-00A0C91BC942}") = "BinaryIO", "BinaryIo\BinaryIo.vcxproj", "{F7C1A4C2-9BAD-4D66-9A3B-5CF64D76DE1E}"
EndProject
Project("{8BC9CEB8-8B4A-11D0-8D11-00A0C91BC942}") = "RandomAccess", "RandomAccess\RandomAccess.vcxproj", "{F23CC256-A69D-4EC9-A1C2-42D0D8E7B6CF}"
EndProject
Project("{8BC9CEB8-8B4A-11D0-8D11-00A0C91BC942}") = "Unit07Homework", "Unit07Homework\Unit07Homework.vcxproj", "{29C2E93D-77D1-4C02-863D-28D0BBBC4C10}"
EndProject
Project("{2150E333-8FDC-42A3-9474-1A3956D46DE8}") = "Unit 08", "Unit 08", "{6BB372B3-6953-41EB-B018-26E66DFD05AC}"
EndProject
Project("{8BC9CEB8-8B4A-11D0-8D11-00A0C91BC942}") = "Vec2D", "Vec2D\Vec2D.vcxproj", "{7266F2EB-A493-4F6B-9920-93AB8520AE46}"
EndProject
Project("{8BC9CEB8-8B4A-11D0-8D11-00A0C91BC942}") = "Unit08Homework", "Unit08Homework\Unit08Homework.vcxproj", "{BB15A1C8-9DA9-4293-9E78-81F6660868AE}"
EndProject
Project("{8BC9CEB8-8B4A-11D0-8D11-00A0C91BC942}") = "Unit08Mooc", "Unit08Mooc\Unit08Mooc.vcxproj", "{924DB974-DF6E-4B58-9C35-205A7D69038A}"
EndProject
Project("{2150E333-8FDC-42A3-9474-1A3956D46DE8}") = "Unit 09", "Unit 09", "{140EC06B-903B-4572-88EC-EBED18F54B34}"
EndProject
Project("{8BC9CEB8-8B4A-11D0-8D11-00A0C91BC942}") = "Unit09Homework", "Unit09Homework\Unit09Homework.vcxproj", "{186765BC-C8AC-4374-8C39-5953294FBCD9}"
EndProject
Project("{8BC9CEB8-8B4A-11D0-8D11-00A0C91BC942}") = "Unit09Mooc", "Unit09Mooc\Unit09Mooc.vcxproj", "{CB039ACA-D7FE-4C8A-BDCD-04A3221B0403}"
EndProject
Global
	GlobalSection(SolutionConfigurationPlatforms) = preSolution
		Debug|x64 = Debug|x64
		Debug|x86 = Debug|x86
		Release|x64 = Release|x64
		Release|x86 = Release|x86
	EndGlobalSection
	GlobalSection(ProjectConfigurationPlatforms) = postSolution
		{000076BC-85FA-49C9-8C64-BB8DD5BE9196}.Debug|x64.ActiveCfg = Debug|x64
		{000076BC-85FA-49C9-8C64-BB8DD5BE9196}.Debug|x64.Build.0 = Debug|x64
		{000076BC-85FA-49C9-8C64-BB8DD5BE9196}.Debug|x86.ActiveCfg = Debug|Win32
		{000076BC-85FA-49C9-8C64-BB8DD5BE9196}.Debug|x86.Build.0 = Debug|Win32
		{000076BC-85FA-49C9-8C64-BB8DD5BE9196}.Release|x64.ActiveCfg = Release|x64
		{000076BC-85FA-49C9-8C64-BB8DD5BE9196}.Release|x64.Build.0 = Release|x64
		{000076BC-85FA-49C9-8C64-BB8DD5BE9196}.Release|x86.ActiveCfg = Release|Win32
		{000076BC-85FA-49C9-8C64-BB8DD5BE9196}.Release|x86.Build.0 = Release|Win32
		{FF2857BF-2E62-4353-BDAC-DF1CE55F32FA}.Debug|x64.ActiveCfg = Debug|x64
		{FF2857BF-2E62-4353-BDAC-DF1CE55F32FA}.Debug|x64.Build.0 = Debug|x64
		{FF2857BF-2E62-4353-BDAC-DF1CE55F32FA}.Debug|x86.ActiveCfg = Debug|Win32
		{FF2857BF-2E62-4353-BDAC-DF1CE55F32FA}.Debug|x86.Build.0 = Debug|Win32
		{FF2857BF-2E62-4353-BDAC-DF1CE55F32FA}.Release|x64.ActiveCfg = Release|x64
		{FF2857BF-2E62-4353-BDAC-DF1CE55F32FA}.Release|x64.Build.0 = Release|x64
		{FF2857BF-2E62-4353-BDAC-DF1CE55F32FA}.Release|x86.ActiveCfg = Release|Win32
		{FF2857BF-2E62-4353-BDAC-DF1CE55F32FA}.Release|x86.Build.0 = Release|Win32
		{77264CA3-7D9A-4054-A0F6-0BE9814E99A7}.Debug|x64.ActiveCfg = Debug|x64
		{77264CA3-7D9A-4054-A0F6-0BE9814E99A7}.Debug|x64.Build.0 = Debug|x64
		{77264CA3-7D9A-4054-A0F6-0BE9814E99A7}.Debug|x86.ActiveCfg = Debug|Win32
		{77264CA3-7D9A-4054-A0F6-0BE9814E99A7}.Debug|x86.Build.0 = Debug|Win32
		{77264CA3-7D9A-4054-A0F6-0BE9814E99A7}.Release|x64.ActiveCfg = Release|x64
		{77264CA3-7D9A-4054-A0F6-0BE9814E99A7}.Release|x64.Build.0 = Release|x64
		{77264CA3-7D9A-4054-A0F6-0BE9814E99A7}.Release|x86.ActiveCfg = Release|Win32
		{77264CA3-7D9A-4054-A0F6-0BE9814E99A7}.Release|x86.Build.0 = Release|Win32
		{FDB2EDEC-16DC-4853-8014-F7F7AB69755A}.Debug|x64.ActiveCfg = Debug|x64
		{FDB2EDEC-16DC-4853-8014-F7F7AB69755A}.Debug|x64.Build.0 = Debug|x64
		{FDB2EDEC-16DC-4853-8014-F7F7AB69755A}.Debug|x86.ActiveCfg = Debug|Win32
		{FDB2EDEC-16DC-4853-8014-F7F7AB69755A}.Debug|x86.Build.0 = Debug|Win32
		{FDB2EDEC-16DC-4853-8014-F7F7AB69755A}.Release|x64.ActiveCfg = Release|x64
		{FDB2EDEC-16DC-4853-8014-F7F7AB69755A}.Release|x64.Build.0 = Release|x64
		{FDB2EDEC-16DC-4853-8014-F7F7AB69755A}.Release|x86.ActiveCfg = Release|Win32
		{FDB2EDEC-16DC-4853-8014-F7F7AB69755A}.Release|x86.Build.0 = Release|Win32
		{F5531E82-4BEA-418B-A96D-3B33257EFE0B}.Debug|x64.ActiveCfg = Debug|x64
		{F5531E82-4BEA-418B-A96D-3B33257EFE0B}.Debug|x64.Build.0 = Debug|x64
		{F5531E82-4BEA-418B-A96D-3B33257EFE0B}.Debug|x86.ActiveCfg = Debug|Win32
		{F5531E82-4BEA-418B-A96D-3B33257EFE0B}.Debug|x86.Build.0 = Debug|Win32
		{F5531E82-4BEA-418B-A96D-3B33257EFE0B}.Release|x64.ActiveCfg = Release|x64
		{F5531E82-4BEA-418B-A96D-3B33257EFE0B}.Release|x64.Build.0 = Release|x64
		{F5531E82-4BEA-418B-A96D-3B33257EFE0B}.Release|x86.ActiveCfg = Release|Win32
		{F5531E82-4BEA-418B-A96D-3B33257EFE0B}.Release|x86.Build.0 = Release|Win32
		{CDFB00F7-4BAC-4713-A4B1-5C78076391F3}.Debug|x64.ActiveCfg = Debug|x64
		{CDFB00F7-4BAC-4713-A4B1-5C78076391F3}.Debug|x64.Build.0 = Debug|x64
		{CDFB00F7-4BAC-4713-A4B1-5C78076391F3}.Debug|x86.ActiveCfg = Debug|Win32
		{CDFB00F7-4BAC-4713-A4B1-5C78076391F3}.Debug|x86.Build.0 = Debug|Win32
		{CDFB00F7-4BAC-4713-A4B1-5C78076391F3}.Release|x64.ActiveCfg = Release|x64
		{CDFB00F7-4BAC-4713-A4B1-5C78076391F3}.Release|x64.Build.0 = Release|x64
		{CDFB00F7-4BAC-4713-A4B1-5C78076391F3}.Release|x86.ActiveCfg = Release|Win32
		{CDFB00F7-4BAC-4713-A4B1-5C78076391F3}.Release|x86.Build.0 = Release|Win32
		{77F98789-A179-4EDE-87FE-4704041F459B}.Debug|x64.ActiveCfg = Debug|x64
		{77F98789-A179-4EDE-87FE-4704041F459B}.Debug|x64.Build.0 = Debug|x64
		{77F98789-A179-4EDE-87FE-4704041F459B}.Debug|x86.ActiveCfg = Debug|Win32
		{77F98789-A179-4EDE-87FE-4704041F459B}.Debug|x86.Build.0 = Debug|Win32
		{77F98789-A179-4EDE-87FE-4704041F459B}.Release|x64.ActiveCfg = Release|x64
		{77F98789-A179-4EDE-87FE-4704041F459B}.Release|x64.Build.0 = Release|x64
		{77F98789-A179-4EDE-87FE-4704041F459B}.Release|x86.ActiveCfg = Release|Win32
		{77F98789-A179-4EDE-87FE-4704041F459B}.Release|x86.Build.0 = Release|Win32
		{44213C1A-4743-4ED2-A53D-4BD45EDED194}.Debug|x64.ActiveCfg = Debug|x64
		{44213C1A-4743-4ED2-A53D-4BD45EDED194}.Debug|x64.Build.0 = Debug|x64
		{44213C1A-4743-4ED2-A53D-4BD45EDED194}.Debug|x86.ActiveCfg = Debug|Win32
		{44213C1A-4743-4ED2-A53D-4BD45EDED194}.Debug|x86.Build.0 = Debug|Win32
		{44213C1A-4743-4ED2-A53D-4BD45EDED194}.Release|x64.ActiveCfg = Release|x64
		{44213C1A-4743-4ED2-A53D-4BD45EDED194}.Release|x64.Build.0 = Release|x64
		{44213C1A-4743-4ED2-A53D-4BD45EDED194}.Release|x86.ActiveCfg = Release|Win32
		{44213C1A-4743-4ED2-A53D-4BD45EDED194}.Release|x86.Build.0 = Release|Win32
		{AD4174C0-5175-4FC7-8BBB-FC73E7304FDF}.Debug|x64.ActiveCfg = Debug|x64
		{AD4174C0-5175-4FC7-8BBB-FC73E7304FDF}.Debug|x64.Build.0 = Debug|x64
		{AD4174C0-5175-4FC7-8BBB-FC73E7304FDF}.Debug|x86.ActiveCfg = Debug|Win32
		{AD4174C0-5175-4FC7-8BBB-FC73E7304FDF}.Debug|x86.Build.0 = Debug|Win32
		{AD4174C0-5175-4FC7-8BBB-FC73E7304FDF}.Release|x64.ActiveCfg = Release|x64
		{AD4174C0-5175-4FC7-8BBB-FC73E7304FDF}.Release|x64.Build.0 = Release|x64
		{AD4174C0-5175-4FC7-8BBB-FC73E7304FDF}.Release|x86.ActiveCfg = Release|Win32
		{AD4174C0-5175-4FC7-8BBB-FC73E7304FDF}.Release|x86.Build.0 = Release|Win32
		{2BD29FA1-7D81-44C1-B965-5F075EDA3573}.Debug|x64.ActiveCfg = Debug|x64
		{2BD29FA1-7D81-44C1-B965-5F075EDA3573}.Debug|x64.Build.0 = Debug|x64
		{2BD29FA1-7D81-44C1-B965-5F075EDA3573}.Debug|x86.ActiveCfg = Debug|Win32
		{2BD29FA1-7D81-44C1-B965-5F075EDA3573}.Debug|x86.Build.0 = Debug|Win32
		{2BD29FA1-7D81-44C1-B965-5F075EDA3573}.Release|x64.ActiveCfg = Release|x64
		{2BD29FA1-7D81-44C1-B965-5F075EDA3573}.Release|x64.Build.0 = Release|x64
		{2BD29FA1-7D81-44C1-B965-5F075EDA3573}.Release|x86.ActiveCfg = Release|Win32
		{2BD29FA1-7D81-44C1-B965-5F075EDA3573}.Release|x86.Build.0 = Release|Win32
		{FA76903C-1391-42EC-AA15-D1D4B24C0654}.Debug|x64.ActiveCfg = Debug|x64
		{FA76903C-1391-42EC-AA15-D1D4B24C0654}.Debug|x64.Build.0 = Debug|x64
		{FA76903C-1391-42EC-AA15-D1D4B24C0654}.Debug|x86.ActiveCfg = Debug|Win32
		{FA76903C-1391-42EC-AA15-D1D4B24C0654}.Debug|x86.Build.0 = Debug|Win32
		{FA76903C-1391-42EC-AA15-D1D4B24C0654}.Release|x64.ActiveCfg = Release|x64
		{FA76903C-1391-42EC-AA15-D1D4B24C0654}.Release|x64.Build.0 = Release|x64
		{FA76903C-1391-42EC-AA15-D1D4B24C0654}.Release|x86.ActiveCfg = Release|Win32
		{FA76903C-1391-42EC-AA15-D1D4B24C0654}.Release|x86.Build.0 = Release|Win32
		{85E316C9-3159-42F5-8442-FE5742ECF56F}.Debug|x64.ActiveCfg = Debug|x64
		{85E316C9-3159-42F5-8442-FE5742ECF56F}.Debug|x64.Build.0 = Debug|x64
		{85E316C9-3159-42F5-8442-FE5742ECF56F}.Debug|x86.ActiveCfg = Debug|Win32
		{85E316C9-3159-42F5-8442-FE5742ECF56F}.Debug|x86.Build.0 = Debug|Win32
		{85E316C9-3159-42F5-8442-FE5742ECF56F}.Release|x64.ActiveCfg = Release|x64
		{85E316C9-3159-42F5-8442-FE5742ECF56F}.Release|x64.Build.0 = Release|x64
		{85E316C9-3159-42F5-8442-FE5742ECF56F}.Release|x86.ActiveCfg = Release|Win32
		{85E316C9-3159-42F5-8442-FE5742ECF56F}.Release|x86.Build.0 = Release|Win32
		{D477C0A0-B3AB-4896-B159-C4C355813565}.Debug|x64.ActiveCfg = Debug|x64
		{D477C0A0-B3AB-4896-B159-C4C355813565}.Debug|x64.Build.0 = Debug|x64
		{D477C0A0-B3AB-4896-B159-C4C355813565}.Debug|x86.ActiveCfg = Debug|Win32
		{D477C0A0-B3AB-4896-B159-C4C355813565}.Debug|x86.Build.0 = Debug|Win32
		{D477C0A0-B3AB-4896-B159-C4C355813565}.Release|x64.ActiveCfg = Release|x64
		{D477C0A0-B3AB-4896-B159-C4C355813565}.Release|x64.Build.0 = Release|x64
		{D477C0A0-B3AB-4896-B159-C4C355813565}.Release|x86.ActiveCfg = Release|Win32
		{D477C0A0-B3AB-4896-B159-C4C355813565}.Release|x86.Build.0 = Release|Win32
		{5DE4F47E-A5AC-481C-967C-FD89D1928B51}.Debug|x64.ActiveCfg = Debug|x64
		{5DE4F47E-A5AC-481C-967C-FD89D1928B51}.Debug|x64.Build.0 = Debug|x64
		{5DE4F47E-A5AC-481C-967C-FD89D1928B51}.Debug|x86.ActiveCfg = Debug|Win32
		{5DE4F47E-A5AC-481C-967C-FD89D1928B51}.Debug|x86.Build.0 = Debug|Win32
		{5DE4F47E-A5AC-481C-967C-FD89D1928B51}.Release|x64.ActiveCfg = Release|x64
		{5DE4F47E-A5AC-481C-967C-FD89D1928B51}.Release|x64.Build.0 = Release|x64
		{5DE4F47E-A5AC-481C-967C-FD89D1928B51}.Release|x86.ActiveCfg = Release|Win32
		{5DE4F47E-A5AC-481C-967C-FD89D1928B51}.Release|x86.Build.0 = Release|Win32
		{72E811EE-82D2-43F0-9A20-CE5B518DE201}.Debug|x64.ActiveCfg = Debug|x64
		{72E811EE-82D2-43F0-9A20-CE5B518DE201}.Debug|x64.Build.0 = Debug|x64
		{72E811EE-82D2-43F0-9A20-CE5B518DE201}.Debug|x86.ActiveCfg = Debug|Win32
		{72E811EE-82D2-43F0-9A20-CE5B518DE201}.Debug|x86.Build.0 = Debug|Win32
		{72E811EE-82D2-43F0-9A20-CE5B518DE201}.Release|x64.ActiveCfg = Release|x64
		{72E811EE-82D2-43F0-9A20-CE5B518DE201}.Release|x64.Build.0 = Release|x64
		{72E811EE-82D2-43F0-9A20-CE5B518DE201}.Release|x86.ActiveCfg = Release|Win32
		{72E811EE-82D2-43F0-9A20-CE5B518DE201}.Release|x86.Build.0 = Release|Win32
		{CA42FA31-9D39-41CE-8E5D-49FC4BEA1B94}.Debug|x64.ActiveCfg = Debug|x64
		{CA42FA31-9D39-41CE-8E5D-49FC4BEA1B94}.Debug|x64.Build.0 = Debug|x64
		{CA42FA31-9D39-41CE-8E5D-49FC4BEA1B94}.Debug|x86.ActiveCfg = Debug|Win32
		{CA42FA31-9D39-41CE-8E5D-49FC4BEA1B94}.Debug|x86.Build.0 = Debug|Win32
		{CA42FA31-9D39-41CE-8E5D-49FC4BEA1B94}.Release|x64.ActiveCfg = Release|x64
		{CA42FA31-9D39-41CE-8E5D-49FC4BEA1B94}.Release|x64.Build.0 = Release|x64
		{CA42FA31-9D39-41CE-8E5D-49FC4BEA1B94}.Release|x86.ActiveCfg = Release|Win32
		{CA42FA31-9D39-41CE-8E5D-49FC4BEA1B94}.Release|x86.Build.0 = Release|Win32
		{F56C59EA-C9E1-4563-9A42-214098F60380}.Debug|x64.ActiveCfg = Debug|x64
		{F56C59EA-C9E1-4563-9A42-214098F60380}.Debug|x64.Build.0 = Debug|x64
		{F56C59EA-C9E1-4563-9A42-214098F60380}.Debug|x86.ActiveCfg = Debug|Win32
		{F56C59EA-C9E1-4563-9A42-214098F60380}.Debug|x86.Build.0 = Debug|Win32
		{F56C59EA-C9E1-4563-9A42-214098F60380}.Release|x64.ActiveCfg = Release|x64
		{F56C59EA-C9E1-4563-9A42-214098F60380}.Release|x64.Build.0 = Release|x64
		{F56C59EA-C9E1-4563-9A42-214098F60380}.Release|x86.ActiveCfg = Release|Win32
		{F56C59EA-C9E1-4563-9A42-214098F60380}.Release|x86.Build.0 = Release|Win32
		{81B6C78D-7BAC-4262-BDC8-AB6BFF3A33EA}.Debug|x64.ActiveCfg = Debug|x64
		{81B6C78D-7BAC-4262-BDC8-AB6BFF3A33EA}.Debug|x64.Build.0 = Debug|x64
		{81B6C78D-7BAC-4262-BDC8-AB6BFF3A33EA}.Debug|x86.ActiveCfg = Debug|Win32
		{81B6C78D-7BAC-4262-BDC8-AB6BFF3A33EA}.Debug|x86.Build.0 = Debug|Win32
		{81B6C78D-7BAC-4262-BDC8-AB6BFF3A33EA}.Release|x64.ActiveCfg = Release|x64
		{81B6C78D-7BAC-4262-BDC8-AB6BFF3A33EA}.Release|x64.Build.0 = Release|x64
		{81B6C78D-7BAC-4262-BDC8-AB6BFF3A33EA}.Release|x86.ActiveCfg = Release|Win32
		{81B6C78D-7BAC-4262-BDC8-AB6BFF3A33EA}.Release|x86.Build.0 = Release|Win32
		{D49DF7AA-9B42-4376-BA3F-DD4D25C3FAB3}.Debug|x64.ActiveCfg = Debug|x64
		{D49DF7AA-9B42-4376-BA3F-DD4D25C3FAB3}.Debug|x64.Build.0 = Debug|x64
		{D49DF7AA-9B42-4376-BA3F-DD4D25C3FAB3}.Debug|x86.ActiveCfg = Debug|Win32
		{D49DF7AA-9B42-4376-BA3F-DD4D25C3FAB3}.Debug|x86.Build.0 = Debug|Win32
		{D49DF7AA-9B42-4376-BA3F-DD4D25C3FAB3}.Release|x64.ActiveCfg = Release|x64
		{D49DF7AA-9B42-4376-BA3F-DD4D25C3FAB3}.Release|x64.Build.0 = Release|x64
		{D49DF7AA-9B42-4376-BA3F-DD4D25C3FAB3}.Release|x86.ActiveCfg = Release|Win32
		{D49DF7AA-9B42-4376-BA3F-DD4D25C3FAB3}.Release|x86.Build.0 = Release|Win32
		{4F567E90-42AA-4E71-ACC1-00B8D7821FB8}.Debug|x64.ActiveCfg = Debug|x64
		{4F567E90-42AA-4E71-ACC1-00B8D7821FB8}.Debug|x64.Build.0 = Debug|x64
		{4F567E90-42AA-4E71-ACC1-00B8D7821FB8}.Debug|x86.ActiveCfg = Debug|Win32
		{4F567E90-42AA-4E71-ACC1-00B8D7821FB8}.Debug|x86.Build.0 = Debug|Win32
		{4F567E90-42AA-4E71-ACC1-00B8D7821FB8}.Release|x64.ActiveCfg = Release|x64
		{4F567E90-42AA-4E71-ACC1-00B8D7821FB8}.Release|x64.Build.0 = Release|x64
		{4F567E90-42AA-4E71-ACC1-00B8D7821FB8}.Release|x86.ActiveCfg = Release|Win32
		{4F567E90-42AA-4E71-ACC1-00B8D7821FB8}.Release|x86.Build.0 = Release|Win32
		{72388514-2C45-4CEC-96BD-DDFE61A54D69}.Debug|x64.ActiveCfg = Debug|x64
		{72388514-2C45-4CEC-96BD-DDFE61A54D69}.Debug|x64.Build.0 = Debug|x64
		{72388514-2C45-4CEC-96BD-DDFE61A54D69}.Debug|x86.ActiveCfg = Debug|Win32
		{72388514-2C45-4CEC-96BD-DDFE61A54D69}.Debug|x86.Build.0 = Debug|Win32
		{72388514-2C45-4CEC-96BD-DDFE61A54D69}.Release|x64.ActiveCfg = Release|x64
		{72388514-2C45-4CEC-96BD-DDFE61A54D69}.Release|x64.Build.0 = Release|x64
		{72388514-2C45-4CEC-96BD-DDFE61A54D69}.Release|x86.ActiveCfg = Release|Win32
		{72388514-2C45-4CEC-96BD-DDFE61A54D69}.Release|x86.Build.0 = Release|Win32
		{9F28569A-34C1-41E2-91F1-3DB155591516}.Debug|x64.ActiveCfg = Debug|x64
		{9F28569A-34C1-41E2-91F1-3DB155591516}.Debug|x64.Build.0 = Debug|x64
		{9F28569A-34C1-41E2-91F1-3DB155591516}.Debug|x86.ActiveCfg = Debug|Win32
		{9F28569A-34C1-41E2-91F1-3DB155591516}.Debug|x86.Build.0 = Debug|Win32
		{9F28569A-34C1-41E2-91F1-3DB155591516}.Release|x64.ActiveCfg = Release|x64
		{9F28569A-34C1-41E2-91F1-3DB155591516}.Release|x64.Build.0 = Release|x64
		{9F28569A-34C1-41E2-91F1-3DB155591516}.Release|x86.ActiveCfg = Release|Win32
		{9F28569A-34C1-41E2-91F1-3DB155591516}.Release|x86.Build.0 = Release|Win32
		{D9CDFD83-3464-4341-A572-D9264A38B115}.Debug|x64.ActiveCfg = Debug|x64
		{D9CDFD83-3464-4341-A572-D9264A38B115}.Debug|x64.Build.0 = Debug|x64
		{D9CDFD83-3464-4341-A572-D9264A38B115}.Debug|x86.ActiveCfg = Debug|Win32
		{D9CDFD83-3464-4341-A572-D9264A38B115}.Debug|x86.Build.0 = Debug|Win32
		{D9CDFD83-3464-4341-A572-D9264A38B115}.Release|x64.ActiveCfg = Release|x64
		{D9CDFD83-3464-4341-A572-D9264A38B115}.Release|x64.Build.0 = Release|x64
		{D9CDFD83-3464-4341-A572-D9264A38B115}.Release|x86.ActiveCfg = Release|Win32
		{D9CDFD83-3464-4341-A572-D9264A38B115}.Release|x86.Build.0 = Release|Win32
		{8BE2D6A5-00BD-4642-AEE7-F95BE8CE7DA2}.Debug|x64.ActiveCfg = Debug|x64
		{8BE2D6A5-00BD-4642-AEE7-F95BE8CE7DA2}.Debug|x64.Build.0 = Debug|x64
		{8BE2D6A5-00BD-4642-AEE7-F95BE8CE7DA2}.Debug|x86.ActiveCfg = Debug|Win32
		{8BE2D6A5-00BD-4642-AEE7-F95BE8CE7DA2}.Debug|x86.Build.0 = Debug|Win32
		{8BE2D6A5-00BD-4642-AEE7-F95BE8CE7DA2}.Release|x64.ActiveCfg = Release|x64
		{8BE2D6A5-00BD-4642-AEE7-F95BE8CE7DA2}.Release|x64.Build.0 = Release|x64
		{8BE2D6A5-00BD-4642-AEE7-F95BE8CE7DA2}.Release|x86.ActiveCfg = Release|Win32
		{8BE2D6A5-00BD-4642-AEE7-F95BE8CE7DA2}.Release|x86.Build.0 = Release|Win32
		{98D260FD-1428-4AE7-9596-742E15F6E8B7}.Debug|x64.ActiveCfg = Debug|x64
		{98D260FD-1428-4AE7-9596-742E15F6E8B7}.Debug|x64.Build.0 = Debug|x64
		{98D260FD-1428-4AE7-9596-742E15F6E8B7}.Debug|x86.ActiveCfg = Debug|Win32
		{98D260FD-1428-4AE7-9596-742E15F6E8B7}.Debug|x86.Build.0 = Debug|Win32
		{98D260FD-1428-4AE7-9596-742E15F6E8B7}.Release|x64.ActiveCfg = Release|x64
		{98D260FD-1428-4AE7-9596-742E15F6E8B7}.Release|x64.Build.0 = Release|x64
		{98D260FD-1428-4AE7-9596-742E15F6E8B7}.Release|x86.ActiveCfg = Release|Win32
		{98D260FD-1428-4AE7-9596-742E15F6E8B7}.Release|x86.Build.0 = Release|Win32
		{ABDF500A-C138-46A1-924B-96E72FA59D49}.Debug|x64.ActiveCfg = Debug|x64
		{ABDF500A-C138-46A1-924B-96E72FA59D49}.Debug|x64.Build.0 = Debug|x64
		{ABDF500A-C138-46A1-924B-96E72FA59D49}.Debug|x86.ActiveCfg = Debug|Win32
		{ABDF500A-C138-46A1-924B-96E72FA59D49}.Debug|x86.Build.0 = Debug|Win32
		{ABDF500A-C138-46A1-924B-96E72FA59D49}.Release|x64.ActiveCfg = Release|x64
		{ABDF500A-C138-46A1-924B-96E72FA59D49}.Release|x64.Build.0 = Release|x64
		{ABDF500A-C138-46A1-924B-96E72FA59D49}.Release|x86.ActiveCfg = Release|Win32
		{ABDF500A-C138-46A1-924B-96E72FA59D49}.Release|x86.Build.0 = Release|Win32
		{DAD9BB57-51F4-4121-896F-1C2A43FD4B60}.Debug|x64.ActiveCfg = Debug|x64
		{DAD9BB57-51F4-4121-896F-1C2A43FD4B60}.Debug|x64.Build.0 = Debug|x64
		{DAD9BB57-51F4-4121-896F-1C2A43FD4B60}.Debug|x86.ActiveCfg = Debug|Win32
		{DAD9BB57-51F4-4121-896F-1C2A43FD4B60}.Debug|x86.Build.0 = Debug|Win32
		{DAD9BB57-51F4-4121-896F-1C2A43FD4B60}.Release|x64.ActiveCfg = Release|x64
		{DAD9BB57-51F4-4121-896F-1C2A43FD4B60}.Release|x64.Build.0 = Release|x64
		{DAD9BB57-51F4-4121-896F-1C2A43FD4B60}.Release|x86.ActiveCfg = Release|Win32
		{DAD9BB57-51F4-4121-896F-1C2A43FD4B60}.Release|x86.Build.0 = Release|Win32
		{C328857B-D86C-43A5-A05D-7AB28E2B5DEA}.Debug|x64.ActiveCfg = Debug|x64
		{C328857B-D86C-43A5-A05D-7AB28E2B5DEA}.Debug|x64.Build.0 = Debug|x64
		{C328857B-D86C-43A5-A05D-7AB28E2B5DEA}.Debug|x86.ActiveCfg = Debug|Win32
		{C328857B-D86C-43A5-A05D-7AB28E2B5DEA}.Debug|x86.Build.0 = Debug|Win32
		{C328857B-D86C-43A5-A05D-7AB28E2B5DEA}.Release|x64.ActiveCfg = Release|x64
		{C328857B-D86C-43A5-A05D-7AB28E2B5DEA}.Release|x64.Build.0 = Release|x64
		{C328857B-D86C-43A5-A05D-7AB28E2B5DEA}.Release|x86.ActiveCfg = Release|Win32
		{C328857B-D86C-43A5-A05D-7AB28E2B5DEA}.Release|x86.Build.0 = Release|Win32
		{B3DB90DC-B451-41B0-8891-A36C83B6A77D}.Debug|x64.ActiveCfg = Debug|x64
		{B3DB90DC-B451-41B0-8891-A36C83B6A77D}.Debug|x64.Build.0 = Debug|x64
		{B3DB90DC-B451-41B0-8891-A36C83B6A77D}.Debug|x86.ActiveCfg = Debug|Win32
		{B3DB90DC-B451-41B0-8891-A36C83B6A77D}.Debug|x86.Build.0 = Debug|Win32
		{B3DB90DC-B451-41B0-8891-A36C83B6A77D}.Release|x64.ActiveCfg = Release|x64
		{B3DB90DC-B451-41B0-8891-A36C83B6A77D}.Release|x64.Build.0 = Release|x64
		{B3DB90DC-B451-41B0-8891-A36C83B6A77D}.Release|x86.ActiveCfg = Release|Win32
		{B3DB90DC-B451-41B0-8891-A36C83B6A77D}.Release|x86.Build.0 = Release|Win32
		{E2A561BB-1DF1-4F32-9566-46803105E030}.Debug|x64.ActiveCfg = Debug|x64
		{E2A561BB-1DF1-4F32-9566-46803105E030}.Debug|x64.Build.0 = Debug|x64
		{E2A561BB-1DF1-4F32-9566-46803105E030}.Debug|x86.ActiveCfg = Debug|Win32
		{E2A561BB-1DF1-4F32-9566-46803105E030}.Debug|x86.Build.0 = Debug|Win32
		{E2A561BB-1DF1-4F32-9566-46803105E030}.Release|x64.ActiveCfg = Release|x64
		{E2A561BB-1DF1-4F32-9566-46803105E030}.Release|x64.Build.0 = Release|x64
		{E2A561BB-1DF1-4F32-9566-46803105E030}.Release|x86.ActiveCfg = Release|Win32
		{E2A561BB-1DF1-4F32-9566-46803105E030}.Release|x86.Build.0 = Release|Win32
		{EBAAFAA4-B79B-4389-B739-7BC6A3BC7110}.Debug|x64.ActiveCfg = Debug|x64
		{EBAAFAA4-B79B-4389-B739-7BC6A3BC7110}.Debug|x64.Build.0 = Debug|x64
		{EBAAFAA4-B79B-4389-B739-7BC6A3BC7110}.Debug|x86.ActiveCfg = Debug|Win32
		{EBAAFAA4-B79B-4389-B739-7BC6A3BC7110}.Debug|x86.Build.0 = Debug|Win32
		{EBAAFAA4-B79B-4389-B739-7BC6A3BC7110}.Release|x64.ActiveCfg = Release|x64
		{EBAAFAA4-B79B-4389-B739-7BC6A3BC7110}.Release|x64.Build.0 = Release|x64
		{EBAAFAA4-B79B-4389-B739-7BC6A3BC7110}.Release|x86.ActiveCfg = Release|Win32
		{EBAAFAA4-B79B-4389-B739-7BC6A3BC7110}.Release|x86.Build.0 = Release|Win32
		{247BC980-4517-4D3E-8173-2FBB53853E50}.Debug|x64.ActiveCfg = Debug|x64
		{247BC980-4517-4D3E-8173-2FBB53853E50}.Debug|x64.Build.0 = Debug|x64
		{247BC980-4517-4D3E-8173-2FBB53853E50}.Debug|x86.ActiveCfg = Debug|Win32
		{247BC980-4517-4D3E-8173-2FBB53853E50}.Debug|x86.Build.0 = Debug|Win32
		{247BC980-4517-4D3E-8173-2FBB53853E50}.Release|x64.ActiveCfg = Release|x64
		{247BC980-4517-4D3E-8173-2FBB53853E50}.Release|x64.Build.0 = Release|x64
		{247BC980-4517-4D3E-8173-2FBB53853E50}.Release|x86.ActiveCfg = Release|Win32
		{247BC980-4517-4D3E-8173-2FBB53853E50}.Release|x86.Build.0 = Release|Win32
		{5BF50EC8-9B96-4AAC-92C9-872C927063C6}.Debug|x64.ActiveCfg = Debug|x64
		{5BF50EC8-9B96-4AAC-92C9-872C927063C6}.Debug|x64.Build.0 = Debug|x64
		{5BF50EC8-9B96-4AAC-92C9-872C927063C6}.Debug|x86.ActiveCfg = Debug|Win32
		{5BF50EC8-9B96-4AAC-92C9-872C927063C6}.Debug|x86.Build.0 = Debug|Win32
		{5BF50EC8-9B96-4AAC-92C9-872C927063C6}.Release|x64.ActiveCfg = Release|x64
		{5BF50EC8-9B96-4AAC-92C9-872C927063C6}.Release|x64.Build.0 = Release|x64
		{5BF50EC8-9B96-4AAC-92C9-872C927063C6}.Release|x86.ActiveCfg = Release|Win32
		{5BF50EC8-9B96-4AAC-92C9-872C927063C6}.Release|x86.Build.0 = Release|Win32
		{A89EBE7D-6EBB-4A08-B24A-7B57EC575B21}.Debug|x64.ActiveCfg = Debug|x64
		{A89EBE7D-6EBB-4A08-B24A-7B57EC575B21}.Debug|x64.Build.0 = Debug|x64
		{A89EBE7D-6EBB-4A08-B24A-7B57EC575B21}.Debug|x86.ActiveCfg = Debug|Win32
		{A89EBE7D-6EBB-4A08-B24A-7B57EC575B21}.Debug|x86.Build.0 = Debug|Win32
		{A89EBE7D-6EBB-4A08-B24A-7B57EC575B21}.Release|x64.ActiveCfg = Release|x64
		{A89EBE7D-6EBB-4A08-B24A-7B57EC575B21}.Release|x64.Build.0 = Release|x64
		{A89EBE7D-6EBB-4A08-B24A-7B57EC575B21}.Release|x86.ActiveCfg = Release|Win32
		{A89EBE7D-6EBB-4A08-B24A-7B57EC575B21}.Release|x86.Build.0 = Release|Win32
		{30BC1128-7BD2-4190-996B-4F200206296B}.Debug|x64.ActiveCfg = Debug|x64
		{30BC1128-7BD2-4190-996B-4F200206296B}.Debug|x64.Build.0 = Debug|x64
		{30BC1128-7BD2-4190-996B-4F200206296B}.Debug|x86.ActiveCfg = Debug|Win32
		{30BC1128-7BD2-4190-996B-4F200206296B}.Debug|x86.Build.0 = Debug|Win32
		{30BC1128-7BD2-4190-996B-4F200206296B}.Release|x64.ActiveCfg = Release|x64
		{30BC1128-7BD2-4190-996B-4F200206296B}.Release|x64.Build.0 = Release|x64
		{30BC1128-7BD2-4190-996B-4F200206296B}.Release|x86.ActiveCfg = Release|Win32
		{30BC1128-7BD2-4190-996B-4F200206296B}.Release|x86.Build.0 = Release|Win32
		{6EBD38B0-FA88-46AA-8998-6A29802BD819}.Debug|x64.ActiveCfg = Debug|x64
		{6EBD38B0-FA88-46AA-8998-6A29802BD819}.Debug|x64.Build.0 = Debug|x64
		{6EBD38B0-FA88-46AA-8998-6A29802BD819}.Debug|x86.ActiveCfg = Debug|Win32
		{6EBD38B0-FA88-46AA-8998-6A29802BD819}.Debug|x86.Build.0 = Debug|Win32
		{6EBD38B0-FA88-46AA-8998-6A29802BD819}.Release|x64.ActiveCfg = Release|x64
		{6EBD38B0-FA88-46AA-8998-6A29802BD819}.Release|x64.Build.0 = Release|x64
		{6EBD38B0-FA88-46AA-8998-6A29802BD819}.Release|x86.ActiveCfg = Release|Win32
		{6EBD38B0-FA88-46AA-8998-6A29802BD819}.Release|x86.Build.0 = Release|Win32
		{DDBB4717-CBC9-4D94-8908-B8084C2A5344}.Debug|x64.ActiveCfg = Debug|x64
		{DDBB4717-CBC9-4D94-8908-B8084C2A5344}.Debug|x64.Build.0 = Debug|x64
		{DDBB4717-CBC9-4D94-8908-B8084C2A5344}.Debug|x86.ActiveCfg = Debug|Win32
		{DDBB4717-CBC9-4D94-8908-B8084C2A5344}.Debug|x86.Build.0 = Debug|Win32
		{DDBB4717-CBC9-4D94-8908-B8084C2A5344}.Release|x64.ActiveCfg = Release|x64
		{DDBB4717-CBC9-4D94-8908-B8084C2A5344}.Release|x64.Build.0 = Release|x64
		{DDBB4717-CBC9-4D94-8908-B8084C2A5344}.Release|x86.ActiveCfg = Release|Win32
		{DDBB4717-CBC9-4D94-8908-B8084C2A5344}.Release|x86.Build.0 = Release|Win32
		{E0EB9AFF-8BE0-4E6C-A530-402E83AB5D95}.Debug|x64.ActiveCfg = Debug|x64
		{E0EB9AFF-8BE0-4E6C-A530-402E83AB5D95}.Debug|x64.Build.0 = Debug|x64
		{E0EB9AFF-8BE0-4E6C-A530-402E83AB5D95}.Debug|x86.ActiveCfg = Debug|Win32
		{E0EB9AFF-8BE0-4E6C-A530-402E83AB5D95}.Debug|x86.Build.0 = Debug|Win32
		{E0EB9AFF-8BE0-4E6C-A530-402E83AB5D95}.Release|x64.ActiveCfg = Release|x64
		{E0EB9AFF-8BE0-4E6C-A530-402E83AB5D95}.Release|x64.Build.0 = Release|x64
		{E0EB9AFF-8BE0-4E6C-A530-402E83AB5D95}.Release|x86.ActiveCfg = Release|Win32
		{E0EB9AFF-8BE0-4E6C-A530-402E83AB5D95}.Release|x86.Build.0 = Release|Win32
		{C179EF42-9B6D-4B57-8A19-305462B4F73D}.Debug|x64.ActiveCfg = Debug|x64
		{C179EF42-9B6D-4B57-8A19-305462B4F73D}.Debug|x64.Build.0 = Debug|x64
		{C179EF42-9B6D-4B57-8A19-305462B4F73D}.Debug|x86.ActiveCfg = Debug|Win32
		{C179EF42-9B6D-4B57-8A19-305462B4F73D}.Debug|x86.Build.0 = Debug|Win32
		{C179EF42-9B6D-4B57-8A19-305462B4F73D}.Release|x64.ActiveCfg = Release|x64
		{C179EF42-9B6D-4B57-8A19-305462B4F73D}.Release|x64.Build.0 = Release|x64
		{C179EF42-9B6D-4B57-8A19-305462B4F73D}.Release|x86.ActiveCfg = Release|Win32
		{C179EF42-9B6D-4B57-8A19-305462B4F73D}.Release|x86.Build.0 = Release|Win32
		{1BB5DF4A-ECF7-4622-AC29-FE5CA323693A}.Debug|x64.ActiveCfg = Debug|x64
		{1BB5DF4A-ECF7-4622-AC29-FE5CA323693A}.Debug|x64.Build.0 = Debug|x64
		{1BB5DF4A-ECF7-4622-AC29-FE5CA323693A}.Debug|x86.ActiveCfg = Debug|Win32
		{1BB5DF4A-ECF7-4622-AC29-FE5CA323693A}.Debug|x86.Build.0 = Debug|Win32
		{1BB5DF4A-ECF7-4622-AC29-FE5CA323693A}.Release|x64.ActiveCfg = Release|x64
		{1BB5DF4A-ECF7-4622-AC29-FE5CA323693A}.Release|x64.Build.0 = Release|x64
		{1BB5DF4A-ECF7-4622-AC29-FE5CA323693A}.Release|x86.ActiveCfg = Release|Win32
		{1BB5DF4A-ECF7-4622-AC29-FE5CA323693A}.Release|x86.Build.0 = Release|Win32
		{9EA4DF67-2652-4DBA-B1FB-24DE14A8DB51}.Debug|x64.ActiveCfg = Debug|x64
		{9EA4DF67-2652-4DBA-B1FB-24DE14A8DB51}.Debug|x64.Build.0 = Debug|x64
		{9EA4DF67-2652-4DBA-B1FB-24DE14A8DB51}.Debug|x86.ActiveCfg = Debug|Win32
		{9EA4DF67-2652-4DBA-B1FB-24DE14A8DB51}.Debug|x86.Build.0 = Debug|Win32
		{9EA4DF67-2652-4DBA-B1FB-24DE14A8DB51}.Release|x64.ActiveCfg = Release|x64
		{9EA4DF67-2652-4DBA-B1FB-24DE14A8DB51}.Release|x64.Build.0 = Release|x64
		{9EA4DF67-2652-4DBA-B1FB-24DE14A8DB51}.Release|x86.ActiveCfg = Release|Win32
		{9EA4DF67-2652-4DBA-B1FB-24DE14A8DB51}.Release|x86.Build.0 = Release|Win32
		{E9A1EBB6-5F15-4AB2-BE3F-DE870A247A3C}.Debug|x64.ActiveCfg = Debug|x64
		{E9A1EBB6-5F15-4AB2-BE3F-DE870A247A3C}.Debug|x64.Build.0 = Debug|x64
		{E9A1EBB6-5F15-4AB2-BE3F-DE870A247A3C}.Debug|x86.ActiveCfg = Debug|Win32
		{E9A1EBB6-5F15-4AB2-BE3F-DE870A247A3C}.Debug|x86.Build.0 = Debug|Win32
		{E9A1EBB6-5F15-4AB2-BE3F-DE870A247A3C}.Release|x64.ActiveCfg = Release|x64
		{E9A1EBB6-5F15-4AB2-BE3F-DE870A247A3C}.Release|x64.Build.0 = Release|x64
		{E9A1EBB6-5F15-4AB2-BE3F-DE870A247A3C}.Release|x86.ActiveCfg = Release|Win32
		{E9A1EBB6-5F15-4AB2-BE3F-DE870A247A3C}.Release|x86.Build.0 = Release|Win32
		{013B90C8-8394-4CBC-8425-F961D290A6E2}.Debug|x64.ActiveCfg = Debug|x64
		{013B90C8-8394-4CBC-8425-F961D290A6E2}.Debug|x64.Build.0 = Debug|x64
		{013B90C8-8394-4CBC-8425-F961D290A6E2}.Debug|x86.ActiveCfg = Debug|Win32
		{013B90C8-8394-4CBC-8425-F961D290A6E2}.Debug|x86.Build.0 = Debug|Win32
		{013B90C8-8394-4CBC-8425-F961D290A6E2}.Release|x64.ActiveCfg = Release|x64
		{013B90C8-8394-4CBC-8425-F961D290A6E2}.Release|x64.Build.0 = Release|x64
		{013B90C8-8394-4CBC-8425-F961D290A6E2}.Release|x86.ActiveCfg = Release|Win32
		{013B90C8-8394-4CBC-8425-F961D290A6E2}.Release|x86.Build.0 = Release|Win32
		{F1DA0B9B-9A7F-4810-9F49-4FC2A877C768}.Debug|x64.ActiveCfg = Debug|x64
		{F1DA0B9B-9A7F-4810-9F49-4FC2A877C768}.Debug|x64.Build.0 = Debug|x64
		{F1DA0B9B-9A7F-4810-9F49-4FC2A877C768}.Debug|x86.ActiveCfg = Debug|Win32
		{F1DA0B9B-9A7F-4810-9F49-4FC2A877C768}.Debug|x86.Build.0 = Debug|Win32
		{F1DA0B9B-9A7F-4810-9F49-4FC2A877C768}.Release|x64.ActiveCfg = Release|x64
		{F1DA0B9B-9A7F-4810-9F49-4FC2A877C768}.Release|x64.Build.0 = Release|x64
		{F1DA0B9B-9A7F-4810-9F49-4FC2A877C768}.Release|x86.ActiveCfg = Release|Win32
		{F1DA0B9B-9A7F-4810-9F49-4FC2A877C768}.Release|x86.Build.0 = Release|Win32
		{AD20D769-7866-4E4B-ABBD-D817E0133679}.Debug|x64.ActiveCfg = Debug|x64
		{AD20D769-7866-4E4B-ABBD-D817E0133679}.Debug|x64.Build.0 = Debug|x64
		{AD20D769-7866-4E4B-ABBD-D817E0133679}.Debug|x86.ActiveCfg = Debug|Win32
		{AD20D769-7866-4E4B-ABBD-D817E0133679}.Debug|x86.Build.0 = Debug|Win32
		{AD20D769-7866-4E4B-ABBD-D817E0133679}.Release|x64.ActiveCfg = Release|x64
		{AD20D769-7866-4E4B-ABBD-D817E0133679}.Release|x64.Build.0 = Release|x64
		{AD20D769-7866-4E4B-ABBD-D817E0133679}.Release|x86.ActiveCfg = Release|Win32
		{AD20D769-7866-4E4B-ABBD-D817E0133679}.Release|x86.Build.0 = Release|Win32
		{D91B8852-07A6-414E-96FD-E66812B0C01A}.Debug|x64.ActiveCfg = Debug|x64
		{D91B8852-07A6-414E-96FD-E66812B0C01A}.Debug|x64.Build.0 = Debug|x64
		{D91B8852-07A6-414E-96FD-E66812B0C01A}.Debug|x86.ActiveCfg = Debug|Win32
		{D91B8852-07A6-414E-96FD-E66812B0C01A}.Debug|x86.Build.0 = Debug|Win32
		{D91B8852-07A6-414E-96FD-E66812B0C01A}.Release|x64.ActiveCfg = Release|x64
		{D91B8852-07A6-414E-96FD-E66812B0C01A}.Release|x64.Build.0 = Release|x64
		{D91B8852-07A6-414E-96FD-E66812B0C01A}.Release|x86.ActiveCfg = Release|Win32
		{D91B8852-07A6-414E-96FD-E66812B0C01A}.Release|x86.Build.0 = Release|Win32
		{941BB182-01D6-46EC-B94C-C6CE29B9365D}.Debug|x64.ActiveCfg = Debug|x64
		{941BB182-01D6-46EC-B94C-C6CE29B9365D}.Debug|x64.Build.0 = Debug|x64
		{941BB182-01D6-46EC-B94C-C6CE29B9365D}.Debug|x86.ActiveCfg = Debug|Win32
		{941BB182-01D6-46EC-B94C-C6CE29B9365D}.Debug|x86.Build.0 = Debug|Win32
		{941BB182-01D6-46EC-B94C-C6CE29B9365D}.Release|x64.ActiveCfg = Release|x64
		{941BB182-01D6-46EC-B94C-C6CE29B9365D}.Release|x64.Build.0 = Release|x64
		{941BB182-01D6-46EC-B94C-C6CE29B9365D}.Release|x86.ActiveCfg = Release|Win32
		{941BB182-01D6-46EC-B94C-C6CE29B9365D}.Release|x86.Build.0 = Release|Win32
		{38A50D99-5BAB-42BA-8568-7882BD38CB5F}.Debug|x64.ActiveCfg = Debug|x64
		{38A50D99-5BAB-42BA-8568-7882BD38CB5F}.Debug|x64.Build.0 = Debug|x64
		{38A50D99-5BAB-42BA-8568-7882BD38CB5F}.Debug|x86.ActiveCfg = Debug|Win32
		{38A50D99-5BAB-42BA-8568-7882BD38CB5F}.Debug|x86.Build.0 = Debug|Win32
		{38A50D99-5BAB-42BA-8568-7882BD38CB5F}.Release|x64.ActiveCfg = Release|x64
		{38A50D99-5BAB-42BA-8568-7882BD38CB5F}.Release|x64.Build.0 = Release|x64
		{38A50D99-5BAB-42BA-8568-7882BD38CB5F}.Release|x86.ActiveCfg = Release|Win32
		{38A50D99-5BAB-42BA-8568-7882BD38CB5F}.Release|x86.Build.0 = Release|Win32
		{332738BE-B495-44DF-8B06-17891305136C}.Debug|x64.ActiveCfg = Debug|x64
		{332738BE-B495-44DF-8B06-17891305136C}.Debug|x64.Build.0 = Debug|x64
		{332738BE-B495-44DF-8B06-17891305136C}.Debug|x86.ActiveCfg = Debug|Win32
		{332738BE-B495-44DF-8B06-17891305136C}.Debug|x86.Build.0 = Debug|Win32
		{332738BE-B495-44DF-8B06-17891305136C}.Release|x64.ActiveCfg = Release|x64
		{332738BE-B495-44DF-8B06-17891305136C}.Release|x64.Build.0 = Release|x64
		{332738BE-B495-44DF-8B06-17891305136C}.Release|x86.ActiveCfg = Release|Win32
		{332738BE-B495-44DF-8B06-17891305136C}.Release|x86.Build.0 = Release|Win32
		{C071292C-FBB1-416D-B8EC-622C40378B2E}.Debug|x64.ActiveCfg = Debug|x64
		{C071292C-FBB1-416D-B8EC-622C40378B2E}.Debug|x64.Build.0 = Debug|x64
		{C071292C-FBB1-416D-B8EC-622C40378B2E}.Debug|x86.ActiveCfg = Debug|Win32
		{C071292C-FBB1-416D-B8EC-622C40378B2E}.Debug|x86.Build.0 = Debug|Win32
		{C071292C-FBB1-416D-B8EC-622C40378B2E}.Release|x64.ActiveCfg = Release|x64
		{C071292C-FBB1-416D-B8EC-622C40378B2E}.Release|x64.Build.0 = Release|x64
		{C071292C-FBB1-416D-B8EC-622C40378B2E}.Release|x86.ActiveCfg = Release|Win32
		{C071292C-FBB1-416D-B8EC-622C40378B2E}.Release|x86.Build.0 = Release|Win32
		{4D4B9D8A-8AF0-49A5-AE37-A73079FDEC87}.Debug|x64.ActiveCfg = Debug|x64
		{4D4B9D8A-8AF0-49A5-AE37-A73079FDEC87}.Debug|x64.Build.0 = Debug|x64
		{4D4B9D8A-8AF0-49A5-AE37-A73079FDEC87}.Debug|x86.ActiveCfg = Debug|Win32
		{4D4B9D8A-8AF0-49A5-AE37-A73079FDEC87}.Debug|x86.Build.0 = Debug|Win32
		{4D4B9D8A-8AF0-49A5-AE37-A73079FDEC87}.Release|x64.ActiveCfg = Release|x64
		{4D4B9D8A-8AF0-49A5-AE37-A73079FDEC87}.Release|x64.Build.0 = Release|x64
		{4D4B9D8A-8AF0-49A5-AE37-A73079FDEC87}.Release|x86.ActiveCfg = Release|Win32
		{4D4B9D8A-8AF0-49A5-AE37-A73079FDEC87}.Release|x86.Build.0 = Release|Win32
		{82E4451F-D140-4146-991D-070B2E2CDCB5}.Debug|x64.ActiveCfg = Debug|x64
		{82E4451F-D140-4146-991D-070B2E2CDCB5}.Debug|x64.Build.0 = Debug|x64
		{82E4451F-D140-4146-991D-070B2E2CDCB5}.Debug|x86.ActiveCfg = Debug|Win32
		{82E4451F-D140-4146-991D-070B2E2CDCB5}.Debug|x86.Build.0 = Debug|Win32
		{82E4451F-D140-4146-991D-070B2E2CDCB5}.Release|x64.ActiveCfg = Release|x64
		{82E4451F-D140-4146-991D-070B2E2CDCB5}.Release|x64.Build.0 = Release|x64
		{82E4451F-D140-4146-991D-070B2E2CDCB5}.Release|x86.ActiveCfg = Release|Win32
		{82E4451F-D140-4146-991D-070B2E2CDCB5}.Release|x86.Build.0 = Release|Win32
		{330B1993-DBEF-4F38-BEB0-5F4828C125EE}.Debug|x64.ActiveCfg = Debug|x64
		{330B1993-DBEF-4F38-BEB0-5F4828C125EE}.Debug|x64.Build.0 = Debug|x64
		{330B1993-DBEF-4F38-BEB0-5F4828C125EE}.Debug|x86.ActiveCfg = Debug|Win32
		{330B1993-DBEF-4F38-BEB0-5F4828C125EE}.Debug|x86.Build.0 = Debug|Win32
		{330B1993-DBEF-4F38-BEB0-5F4828C125EE}.Release|x64.ActiveCfg = Release|x64
		{330B1993-DBEF-4F38-BEB0-5F4828C125EE}.Release|x64.Build.0 = Release|x64
		{330B1993-DBEF-4F38-BEB0-5F4828C125EE}.Release|x86.ActiveCfg = Release|Win32
		{330B1993-DBEF-4F38-BEB0-5F4828C125EE}.Release|x86.Build.0 = Release|Win32
		{32C9C050-9201-4AFB-A50F-6C80B3BE05D0}.Debug|x64.ActiveCfg = Debug|x64
		{32C9C050-9201-4AFB-A50F-6C80B3BE05D0}.Debug|x64.Build.0 = Debug|x64
		{32C9C050-9201-4AFB-A50F-6C80B3BE05D0}.Debug|x86.ActiveCfg = Debug|Win32
		{32C9C050-9201-4AFB-A50F-6C80B3BE05D0}.Debug|x86.Build.0 = Debug|Win32
		{32C9C050-9201-4AFB-A50F-6C80B3BE05D0}.Release|x64.ActiveCfg = Release|x64
		{32C9C050-9201-4AFB-A50F-6C80B3BE05D0}.Release|x64.Build.0 = Release|x64
		{32C9C050-9201-4AFB-A50F-6C80B3BE05D0}.Release|x86.ActiveCfg = Release|Win32
		{32C9C050-9201-4AFB-A50F-6C80B3BE05D0}.Release|x86.Build.0 = Release|Win32
		{AF757D7B-0668-411C-9396-40CE08176CA3}.Debug|x64.ActiveCfg = Debug|x64
		{AF757D7B-0668-411C-9396-40CE08176CA3}.Debug|x64.Build.0 = Debug|x64
		{AF757D7B-0668-411C-9396-40CE08176CA3}.Debug|x86.ActiveCfg = Debug|Win32
		{AF757D7B-0668-411C-9396-40CE08176CA3}.Debug|x86.Build.0 = Debug|Win32
		{AF757D7B-0668-411C-9396-40CE08176CA3}.Release|x64.ActiveCfg = Release|x64
		{AF757D7B-0668-411C-9396-40CE08176CA3}.Release|x64.Build.0 = Release|x64
		{AF757D7B-0668-411C-9396-40CE08176CA3}.Release|x86.ActiveCfg = Release|Win32
		{AF757D7B-0668-411C-9396-40CE08176CA3}.Release|x86.Build.0 = Release|Win32
		{5CAE9605-BFAE-43F2-AC83-CD73AF3ADB5B}.Debug|x64.ActiveCfg = Debug|x64
		{5CAE9605-BFAE-43F2-AC83-CD73AF3ADB5B}.Debug|x64.Build.0 = Debug|x64
		{5CAE9605-BFAE-43F2-AC83-CD73AF3ADB5B}.Debug|x86.ActiveCfg = Debug|Win32
		{5CAE9605-BFAE-43F2-AC83-CD73AF3ADB5B}.Debug|x86.Build.0 = Debug|Win32
		{5CAE9605-BFAE-43F2-AC83-CD73AF3ADB5B}.Release|x64.ActiveCfg = Release|x64
		{5CAE9605-BFAE-43F2-AC83-CD73AF3ADB5B}.Release|x64.Build.0 = Release|x64
		{5CAE9605-BFAE-43F2-AC83-CD73AF3ADB5B}.Release|x86.ActiveCfg = Release|Win32
		{5CAE9605-BFAE-43F2-AC83-CD73AF3ADB5B}.Release|x86.Build.0 = Release|Win32
		{98DCDA04-57CB-4007-8739-C5D5D0288E07}.Debug|x64.ActiveCfg = Debug|x64
		{98DCDA04-57CB-4007-8739-C5D5D0288E07}.Debug|x64.Build.0 = Debug|x64
		{98DCDA04-57CB-4007-8739-C5D5D0288E07}.Debug|x86.ActiveCfg = Debug|Win32
		{98DCDA04-57CB-4007-8739-C5D5D0288E07}.Debug|x86.Build.0 = Debug|Win32
		{98DCDA04-57CB-4007-8739-C5D5D0288E07}.Release|x64.ActiveCfg = Release|x64
		{98DCDA04-57CB-4007-8739-C5D5D0288E07}.Release|x64.Build.0 = Release|x64
		{98DCDA04-57CB-4007-8739-C5D5D0288E07}.Release|x86.ActiveCfg = Release|Win32
		{98DCDA04-57CB-4007-8739-C5D5D0288E07}.Release|x86.Build.0 = Release|Win32
		{84483CBE-07ED-45B0-95CC-C3F5AC3AAA25}.Debug|x64.ActiveCfg = Debug|x64
		{84483CBE-07ED-45B0-95CC-C3F5AC3AAA25}.Debug|x64.Build.0 = Debug|x64
		{84483CBE-07ED-45B0-95CC-C3F5AC3AAA25}.Debug|x86.ActiveCfg = Debug|Win32
		{84483CBE-07ED-45B0-95CC-C3F5AC3AAA25}.Debug|x86.Build.0 = Debug|Win32
		{84483CBE-07ED-45B0-95CC-C3F5AC3AAA25}.Release|x64.ActiveCfg = Release|x64
		{84483CBE-07ED-45B0-95CC-C3F5AC3AAA25}.Release|x64.Build.0 = Release|x64
		{84483CBE-07ED-45B0-95CC-C3F5AC3AAA25}.Release|x86.ActiveCfg = Release|Win32
		{84483CBE-07ED-45B0-95CC-C3F5AC3AAA25}.Release|x86.Build.0 = Release|Win32
		{F4BCC756-122B-417D-95DA-C57EFAD6B8D8}.Debug|x64.ActiveCfg = Debug|x64
		{F4BCC756-122B-417D-95DA-C57EFAD6B8D8}.Debug|x64.Build.0 = Debug|x64
		{F4BCC756-122B-417D-95DA-C57EFAD6B8D8}.Debug|x86.ActiveCfg = Debug|Win32
		{F4BCC756-122B-417D-95DA-C57EFAD6B8D8}.Debug|x86.Build.0 = Debug|Win32
		{F4BCC756-122B-417D-95DA-C57EFAD6B8D8}.Release|x64.ActiveCfg = Release|x64
		{F4BCC756-122B-417D-95DA-C57EFAD6B8D8}.Release|x64.Build.0 = Release|x64
		{F4BCC756-122B-417D-95DA-C57EFAD6B8D8}.Release|x86.ActiveCfg = Release|Win32
		{F4BCC756-122B-417D-95DA-C57EFAD6B8D8}.Release|x86.Build.0 = Release|Win32
		{B7835044-E15C-49DF-82E6-7AF079315059}.Debug|x64.ActiveCfg = Debug|x64
		{B7835044-E15C-49DF-82E6-7AF079315059}.Debug|x64.Build.0 = Debug|x64
		{B7835044-E15C-49DF-82E6-7AF079315059}.Debug|x86.ActiveCfg = Debug|Win32
		{B7835044-E15C-49DF-82E6-7AF079315059}.Debug|x86.Build.0 = Debug|Win32
		{B7835044-E15C-49DF-82E6-7AF079315059}.Release|x64.ActiveCfg = Release|x64
		{B7835044-E15C-49DF-82E6-7AF079315059}.Release|x64.Build.0 = Release|x64
		{B7835044-E15C-49DF-82E6-7AF079315059}.Release|x86.ActiveCfg = Release|Win32
		{B7835044-E15C-49DF-82E6-7AF079315059}.Release|x86.Build.0 = Release|Win32
		{F7C1A4C2-9BAD-4D66-9A3B-5CF64D76DE1E}.Debug|x64.ActiveCfg = Debug|x64
		{F7C1A4C2-9BAD-4D66-9A3B-5CF64D76DE1E}.Debug|x64.Build.0 = Debug|x64
		{F7C1A4C2-9BAD-4D66-9A3B-5CF64D76DE1E}.Debug|x86.ActiveCfg = Debug|Win32
		{F7C1A4C2-9BAD-4D66-9A3B-5CF64D76DE1E}.Debug|x86.Build.0 = Debug|Win32
		{F7C1A4C2-9BAD-4D66-9A3B-5CF64D76DE1E}.Release|x64.ActiveCfg = Release|x64
		{F7C1A4C2-9BAD-4D66-9A3B-5CF64D76DE1E}.Release|x64.Build.0 = Release|x64
		{F7C1A4C2-9BAD-4D66-9A3B-5CF64D76DE1E}.Release|x86.ActiveCfg = Release|Win32
		{F7C1A4C2-9BAD-4D66-9A3B-5CF64D76DE1E}.Release|x86.Build.0 = Release|Win32
		{F23CC256-A69D-4EC9-A1C2-42D0D8E7B6CF}.Debug|x64.ActiveCfg = Debug|x64
		{F23CC256-A69D-4EC9-A1C2-42D0D8E7B6CF}.Debug|x64.Build.0 = Debug|x64
		{F23CC256-A69D-4EC9-A1C2-42D0D8E7B6CF}.Debug|x86.ActiveCfg = Debug|Win32
		{F23CC256-A69D-4EC9-A1C2-42D0D8E7B6CF}.Debug|x86.Build.0 = Debug|Win32
		{F23CC256-A69D-4EC9-A1C2-42D0D8E7B6CF}.Release|x64.ActiveCfg = Release|x64
		{F23CC256-A69D-4EC9-A1C2-42D0D8E7B6CF}.Release|x64.Build.0 = Release|x64
		{F23CC256-A69D-4EC9-A1C2-42D0D8E7B6CF}.Release|x86.ActiveCfg = Release|Win32
		{F23CC256-A69D-4EC9-A1C2-42D0D8E7B6CF}.Release|x86.Build.0 = Release|Win32
		{29C2E93D-77D1-4C02-863D-28D0BBBC4C10}.Debug|x64.ActiveCfg = Debug|x64
		{29C2E93D-77D1-4C02-863D-28D0BBBC4C10}.Debug|x64.Build.0 = Debug|x64
		{29C2E93D-77D1-4C02-863D-28D0BBBC4C10}.Debug|x86.ActiveCfg = Debug|Win32
		{29C2E93D-77D1-4C02-863D-28D0BBBC4C10}.Debug|x86.Build.0 = Debug|Win32
		{29C2E93D-77D1-4C02-863D-28D0BBBC4C10}.Release|x64.ActiveCfg = Release|x64
		{29C2E93D-77D1-4C02-863D-28D0BBBC4C10}.Release|x64.Build.0 = Release|x64
		{29C2E93D-77D1-4C02-863D-28D0BBBC4C10}.Release|x86.ActiveCfg = Release|Win32
		{29C2E93D-77D1-4C02-863D-28D0BBBC4C10}.Release|x86.Build.0 = Release|Win32
		{7266F2EB-A493-4F6B-9920-93AB8520AE46}.Debug|x64.ActiveCfg = Debug|x64
		{7266F2EB-A493-4F6B-9920-93AB8520AE46}.Debug|x64.Build.0 = Debug|x64
		{7266F2EB-A493-4F6B-9920-93AB8520AE46}.Debug|x86.ActiveCfg = Debug|Win32
		{7266F2EB-A493-4F6B-9920-93AB8520AE46}.Debug|x86.Build.0 = Debug|Win32
		{7266F2EB-A493-4F6B-9920-93AB8520AE46}.Release|x64.ActiveCfg = Release|x64
		{7266F2EB-A493-4F6B-9920-93AB8520AE46}.Release|x64.Build.0 = Release|x64
		{7266F2EB-A493-4F6B-9920-93AB8520AE46}.Release|x86.ActiveCfg = Release|Win32
		{7266F2EB-A493-4F6B-9920-93AB8520AE46}.Release|x86.Build.0 = Release|Win32
		{BB15A1C8-9DA9-4293-9E78-81F6660868AE}.Debug|x64.ActiveCfg = Debug|x64
		{BB15A1C8-9DA9-4293-9E78-81F6660868AE}.Debug|x64.Build.0 = Debug|x64
		{BB15A1C8-9DA9-4293-9E78-81F6660868AE}.Debug|x86.ActiveCfg = Debug|Win32
		{BB15A1C8-9DA9-4293-9E78-81F6660868AE}.Debug|x86.Build.0 = Debug|Win32
		{BB15A1C8-9DA9-4293-9E78-81F6660868AE}.Release|x64.ActiveCfg = Release|x64
		{BB15A1C8-9DA9-4293-9E78-81F6660868AE}.Release|x64.Build.0 = Release|x64
		{BB15A1C8-9DA9-4293-9E78-81F6660868AE}.Release|x86.ActiveCfg = Release|Win32
		{BB15A1C8-9DA9-4293-9E78-81F6660868AE}.Release|x86.Build.0 = Release|Win32
		{924DB974-DF6E-4B58-9C35-205A7D69038A}.Debug|x64.ActiveCfg = Debug|x64
		{924DB974-DF6E-4B58-9C35-205A7D69038A}.Debug|x64.Build.0 = Debug|x64
		{924DB974-DF6E-4B58-9C35-205A7D69038A}.Debug|x86.ActiveCfg = Debug|Win32
		{924DB974-DF6E-4B58-9C35-205A7D69038A}.Debug|x86.Build.0 = Debug|Win32
		{924DB974-DF6E-4B58-9C35-205A7D69038A}.Release|x64.ActiveCfg = Release|x64
		{924DB974-DF6E-4B58-9C35-205A7D69038A}.Release|x64.Build.0 = Release|x64
		{924DB974-DF6E-4B58-9C35-205A7D69038A}.Release|x86.ActiveCfg = Release|Win32
		{924DB974-DF6E-4B58-9C35-205A7D69038A}.Release|x86.Build.0 = Release|Win32
		{186765BC-C8AC-4374-8C39-5953294FBCD9}.Debug|x64.ActiveCfg = Debug|x64
		{186765BC-C8AC-4374-8C39-5953294FBCD9}.Debug|x64.Build.0 = Debug|x64
		{186765BC-C8AC-4374-8C39-5953294FBCD9}.Debug|x86.ActiveCfg = Debug|Win32
		{186765BC-C8AC-4374-8C39-5953294FBCD9}.Debug|x86.Build.0 = Debug|Win32
		{186765BC-C8AC-4374-8C39-5953294FBCD9}.Release|x64.ActiveCfg = Release|x64
		{186765BC-C8AC-4374-8C39-5953294FBCD9}.Release|x64.Build.0 = Release|x64
		{186765BC-C8AC-4374-8C39-5953294FBCD9}.Release|x86.ActiveCfg = Release|Win32
		{186765BC-C8AC-4374-8C39-5953294FBCD9}.Release|x86.Build.0 = Release|Win32
		{CB039ACA-D7FE-4C8A-BDCD-04A3221B0403}.Debug|x64.ActiveCfg = Debug|x64
		{CB039ACA-D7FE-4C8A-BDCD-04A3221B0403}.Debug|x64.Build.0 = Debug|x64
		{CB039ACA-D7FE-4C8A-BDCD-04A3221B0403}.Debug|x86.ActiveCfg = Debug|Win32
		{CB039ACA-D7FE-4C8A-BDCD-04A3221B0403}.Debug|x86.Build.0 = Debug|Win32
		{CB039ACA-D7FE-4C8A-BDCD-04A3221B0403}.Release|x64.ActiveCfg = Release|x64
		{CB039ACA-D7FE-4C8A-BDCD-04A3221B0403}.Release|x64.Build.0 = Release|x64
		{CB039ACA-D7FE-4C8A-BDCD-04A3221B0403}.Release|x86.ActiveCfg = Release|Win32
		{CB039ACA-D7FE-4C8A-BDCD-04A3221B0403}.Release|x86.Build.0 = Release|Win32
	EndGlobalSection
	GlobalSection(SolutionProperties) = preSolution
		HideSolutionNode = FALSE
	EndGlobalSection
	GlobalSection(NestedProjects) = preSolution
		{000076BC-85FA-49C9-8C64-BB8DD5BE9196} = {EC3A08F6-40F0-4C81-8A04-10BA704C7B68}
		{FF2857BF-2E62-4353-BDAC-DF1CE55F32FA} = {1889E9FD-E7A3-4EB6-9486-BDDA72CA9CA3}
		{77264CA3-7D9A-4054-A0F6-0BE9814E99A7} = {937BDC95-7408-43BD-B376-F52B38A82836}
		{FDB2EDEC-16DC-4853-8014-F7F7AB69755A} = {937BDC95-7408-43BD-B376-F52B38A82836}
		{F5531E82-4BEA-418B-A96D-3B33257EFE0B} = {937BDC95-7408-43BD-B376-F52B38A82836}
		{CDFB00F7-4BAC-4713-A4B1-5C78076391F3} = {937BDC95-7408-43BD-B376-F52B38A82836}
		{77F98789-A179-4EDE-87FE-4704041F459B} = {C677B1FF-56BD-4B5A-944B-11612F062946}
		{44213C1A-4743-4ED2-A53D-4BD45EDED194} = {C677B1FF-56BD-4B5A-944B-11612F062946}
		{AD4174C0-5175-4FC7-8BBB-FC73E7304FDF} = {C677B1FF-56BD-4B5A-944B-11612F062946}
		{2BD29FA1-7D81-44C1-B965-5F075EDA3573} = {C677B1FF-56BD-4B5A-944B-11612F062946}
		{FA76903C-1391-42EC-AA15-D1D4B24C0654} = {C677B1FF-56BD-4B5A-944B-11612F062946}
		{85E316C9-3159-42F5-8442-FE5742ECF56F} = {C677B1FF-56BD-4B5A-944B-11612F062946}
		{D477C0A0-B3AB-4896-B159-C4C355813565} = {C677B1FF-56BD-4B5A-944B-11612F062946}
		{5DE4F47E-A5AC-481C-967C-FD89D1928B51} = {C677B1FF-56BD-4B5A-944B-11612F062946}
		{72E811EE-82D2-43F0-9A20-CE5B518DE201} = {C677B1FF-56BD-4B5A-944B-11612F062946}
		{CA42FA31-9D39-41CE-8E5D-49FC4BEA1B94} = {C677B1FF-56BD-4B5A-944B-11612F062946}
		{F56C59EA-C9E1-4563-9A42-214098F60380} = {C63122F6-527E-47AA-B599-9202713BAE5E}
		{81B6C78D-7BAC-4262-BDC8-AB6BFF3A33EA} = {C63122F6-527E-47AA-B599-9202713BAE5E}
		{D49DF7AA-9B42-4376-BA3F-DD4D25C3FAB3} = {C63122F6-527E-47AA-B599-9202713BAE5E}
		{4F567E90-42AA-4E71-ACC1-00B8D7821FB8} = {C63122F6-527E-47AA-B599-9202713BAE5E}
		{72388514-2C45-4CEC-96BD-DDFE61A54D69} = {C677B1FF-56BD-4B5A-944B-11612F062946}
		{9F28569A-34C1-41E2-91F1-3DB155591516} = {937BDC95-7408-43BD-B376-F52B38A82836}
		{D9CDFD83-3464-4341-A572-D9264A38B115} = {C677B1FF-56BD-4B5A-944B-11612F062946}
		{8BE2D6A5-00BD-4642-AEE7-F95BE8CE7DA2} = {C677B1FF-56BD-4B5A-944B-11612F062946}
		{98D260FD-1428-4AE7-9596-742E15F6E8B7} = {C63122F6-527E-47AA-B599-9202713BAE5E}
		{ABDF500A-C138-46A1-924B-96E72FA59D49} = {C63122F6-527E-47AA-B599-9202713BAE5E}
		{DAD9BB57-51F4-4121-896F-1C2A43FD4B60} = {C63122F6-527E-47AA-B599-9202713BAE5E}
		{C328857B-D86C-43A5-A05D-7AB28E2B5DEA} = {C63122F6-527E-47AA-B599-9202713BAE5E}
		{B3DB90DC-B451-41B0-8891-A36C83B6A77D} = {C63122F6-527E-47AA-B599-9202713BAE5E}
		{E2A561BB-1DF1-4F32-9566-46803105E030} = {C63122F6-527E-47AA-B599-9202713BAE5E}
		{EBAAFAA4-B79B-4389-B739-7BC6A3BC7110} = {C63122F6-527E-47AA-B599-9202713BAE5E}
		{247BC980-4517-4D3E-8173-2FBB53853E50} = {C63122F6-527E-47AA-B599-9202713BAE5E}
		{5BF50EC8-9B96-4AAC-92C9-872C927063C6} = {C63122F6-527E-47AA-B599-9202713BAE5E}
		{A89EBE7D-6EBB-4A08-B24A-7B57EC575B21} = {5FCE666B-CB6F-4DE5-8EE2-C364BCC0604F}
		{30BC1128-7BD2-4190-996B-4F200206296B} = {5FCE666B-CB6F-4DE5-8EE2-C364BCC0604F}
		{6EBD38B0-FA88-46AA-8998-6A29802BD819} = {5FCE666B-CB6F-4DE5-8EE2-C364BCC0604F}
		{DDBB4717-CBC9-4D94-8908-B8084C2A5344} = {EC3A08F6-40F0-4C81-8A04-10BA704C7B68}
		{E0EB9AFF-8BE0-4E6C-A530-402E83AB5D95} = {5FCE666B-CB6F-4DE5-8EE2-C364BCC0604F}
		{C179EF42-9B6D-4B57-8A19-305462B4F73D} = {C63122F6-527E-47AA-B599-9202713BAE5E}
		{1BB5DF4A-ECF7-4622-AC29-FE5CA323693A} = {5FCE666B-CB6F-4DE5-8EE2-C364BCC0604F}
		{9EA4DF67-2652-4DBA-B1FB-24DE14A8DB51} = {5FCE666B-CB6F-4DE5-8EE2-C364BCC0604F}
		{E9A1EBB6-5F15-4AB2-BE3F-DE870A247A3C} = {5FCE666B-CB6F-4DE5-8EE2-C364BCC0604F}
		{013B90C8-8394-4CBC-8425-F961D290A6E2} = {5FCE666B-CB6F-4DE5-8EE2-C364BCC0604F}
		{F1DA0B9B-9A7F-4810-9F49-4FC2A877C768} = {5FCE666B-CB6F-4DE5-8EE2-C364BCC0604F}
		{AD20D769-7866-4E4B-ABBD-D817E0133679} = {5FCE666B-CB6F-4DE5-8EE2-C364BCC0604F}
		{D91B8852-07A6-414E-96FD-E66812B0C01A} = {5FCE666B-CB6F-4DE5-8EE2-C364BCC0604F}
		{941BB182-01D6-46EC-B94C-C6CE29B9365D} = {F5925521-8E8C-4247-AF6B-99F24FC60C71}
		{38A50D99-5BAB-42BA-8568-7882BD38CB5F} = {EC3A08F6-40F0-4C81-8A04-10BA704C7B68}
		{332738BE-B495-44DF-8B06-17891305136C} = {F5925521-8E8C-4247-AF6B-99F24FC60C71}
		{C071292C-FBB1-416D-B8EC-622C40378B2E} = {0FC5D365-99B2-41D6-8A14-D10CA6A1829E}
		{4D4B9D8A-8AF0-49A5-AE37-A73079FDEC87} = {0FC5D365-99B2-41D6-8A14-D10CA6A1829E}
		{82E4451F-D140-4146-991D-070B2E2CDCB5} = {0FC5D365-99B2-41D6-8A14-D10CA6A1829E}
		{330B1993-DBEF-4F38-BEB0-5F4828C125EE} = {0FC5D365-99B2-41D6-8A14-D10CA6A1829E}
		{32C9C050-9201-4AFB-A50F-6C80B3BE05D0} = {0FC5D365-99B2-41D6-8A14-D10CA6A1829E}
		{AF757D7B-0668-411C-9396-40CE08176CA3} = {0FC5D365-99B2-41D6-8A14-D10CA6A1829E}
		{5CAE9605-BFAE-43F2-AC83-CD73AF3ADB5B} = {0FC5D365-99B2-41D6-8A14-D10CA6A1829E}
		{98DCDA04-57CB-4007-8739-C5D5D0288E07} = {0FC5D365-99B2-41D6-8A14-D10CA6A1829E}
		{84483CBE-07ED-45B0-95CC-C3F5AC3AAA25} = {0FC5D365-99B2-41D6-8A14-D10CA6A1829E}
		{F4BCC756-122B-417D-95DA-C57EFAD6B8D8} = {0FC5D365-99B2-41D6-8A14-D10CA6A1829E}
		{B7835044-E15C-49DF-82E6-7AF079315059} = {0FC5D365-99B2-41D6-8A14-D10CA6A1829E}
		{F7C1A4C2-9BAD-4D66-9A3B-5CF64D76DE1E} = {0FC5D365-99B2-41D6-8A14-D10CA6A1829E}
		{F23CC256-A69D-4EC9-A1C2-42D0D8E7B6CF} = {0FC5D365-99B2-41D6-8A14-D10CA6A1829E}
		{29C2E93D-77D1-4C02-863D-28D0BBBC4C10} = {0FC5D365-99B2-41D6-8A14-D10CA6A1829E}
		{7266F2EB-A493-4F6B-9920-93AB8520AE46} = {6BB372B3-6953-41EB-B018-26E66DFD05AC}
		{BB15A1C8-9DA9-4293-9E78-81F6660868AE} = {6BB372B3-6953-41EB-B018-26E66DFD05AC}
		{924DB974-DF6E-4B58-9C35-205A7D69038A} = {6BB372B3-6953-41EB-B018-26E66DFD05AC}
		{186765BC-C8AC-4374-8C39-5953294FBCD9} = {140EC06B-903B-4572-88EC-EBED18F54B34}
		{CB039ACA-D7FE-4C8A-BDCD-04A3221B0403} = {140EC06B-903B-4572-88EC-EBED18F54B34}
	EndGlobalSection
	GlobalSection(ExtensibilityGlobals) = postSolution
		SolutionGuid = {AAED320C-43CE-44C5-A5EE-D50F3C06F64D}
	EndGlobalSection
EndGlobal
